
Microsoft Visual Studio Solution File, Format Version 12.00
# Visual Studio Version 17
VisualStudioVersion = 17.0.31912.275
MinimumVisualStudioVersion = 10.0.40219.1
Project("{FAE04EC0-301F-11D3-BF4B-00C04F79EFBC}") = "lab2th", "lab2th\lab2th.csproj", "{E42CE3FE-C90C-4B1D-B850-38F40B12F10A}"
EndProject
Global
	GlobalSection(SolutionConfigurationPlatforms) = preSolution
		Debug|Any CPU = Debug|Any CPU
		Release|Any CPU = Release|Any CPU
	EndGlobalSection
	GlobalSection(ProjectConfigurationPlatforms) = postSolution
		{E42CE3FE-C90C-4B1D-B850-38F40B12F10A}.Debug|Any CPU.ActiveCfg = Debug|Any CPU
		{E42CE3FE-C90C-4B1D-B850-38F40B12F10A}.Debug|Any CPU.Build.0 = Debug|Any CPU
		{E42CE3FE-C90C-4B1D-B850-38F40B12F10A}.Release|Any CPU.ActiveCfg = Release|Any CPU
		{E42CE3FE-C90C-4B1D-B850-38F40B12F10A}.Release|Any CPU.Build.0 = Release|Any CPU
	EndGlobalSection
	GlobalSection(SolutionProperties) = preSolution
		HideSolutionNode = FALSE
	EndGlobalSection
	GlobalSection(ExtensibilityGlobals) = postSolution
		SolutionGuid = {746A74A3-E2B3-4F64-ABBC-92751DB8AA3E}
	EndGlobalSection
EndGlobal
